
Microsoft Visual Studio Solution File, Format Version 12.00
# Visual Studio Version 17
VisualStudioVersion = 17.13.35913.81
MinimumVisualStudioVersion = 10.0.40219.1
Project("{FAE04EC0-301F-11D3-BF4B-00C04F79EFBC}") = "LogisticsWebApp", "LogisticsWebApp\LogisticsWebApp.csproj", "{C1D9E1A4-B608-444F-99C8-D33C7D6ED320}"
EndProject
Global
	GlobalSection(SolutionConfigurationPlatforms) = preSolution
		Debug|Any CPU = Debug|Any CPU
		Release|Any CPU = Release|Any CPU
	EndGlobalSection
	GlobalSection(ProjectConfigurationPlatforms) = postSolution
		{C1D9E1A4-B608-444F-99C8-D33C7D6ED320}.Debug|Any CPU.ActiveCfg = Debug|Any CPU
		{C1D9E1A4-B608-444F-99C8-D33C7D6ED320}.Debug|Any CPU.Build.0 = Debug|Any CPU
		{C1D9E1A4-B608-444F-99C8-D33C7D6ED320}.Release|Any CPU.ActiveCfg = Release|Any CPU
		{C1D9E1A4-B608-444F-99C8-D33C7D6ED320}.Release|Any CPU.Build.0 = Release|Any CPU
	EndGlobalSection
	GlobalSection(SolutionProperties) = preSolution
		HideSolutionNode = FALSE
	EndGlobalSection
	GlobalSection(ExtensibilityGlobals) = postSolution
		SolutionGuid = {8EEBC5E7-F405-44A4-8049-F8E659130BAB}
	EndGlobalSection
EndGlobal
